{
  "requires": true,
  "lockfileVersion": 1,
  "dependencies": {
    "babel-runtime": {
      "version": "6.26.0",
      "resolved": "https://registry.npmjs.org/babel-runtime/-/babel-runtime-6.26.0.tgz",
      "integrity": "sha1-llxwWGaOgrVde/4E/yM3vItWR/4=",
      "requires": {
        "core-js": "2.5.3",
        "regenerator-runtime": "0.11.1"
      }
    },
    "core-js": {
      "version": "2.5.3",
      "resolved": "https://registry.npmjs.org/core-js/-/core-js-2.5.3.tgz",
      "integrity": "sha1-isw4NFgk8W2DZbfJtCWRaOjtYD4="
    },
    "dom-walk": {
      "version": "0.1.1",
      "resolved": "https://registry.npmjs.org/dom-walk/-/dom-walk-0.1.1.tgz",
      "integrity": "sha1-ZyIm3HTI95mtNTB9+TaroRrNYBg="
    },
    "es5-shim": {
      "version": "4.5.10",
      "resolved": "https://registry.npmjs.org/es5-shim/-/es5-shim-4.5.10.tgz",
      "integrity": "sha512-vmryBdqKRO8Ei9LJ4yyEk/EOmAOGIagcHDYPpTAi6pot4IMHS1AC2q5cTKPmydpijg2iX8DVmCuqgrNxIWj8Yg=="
    },
    "for-each": {
      "version": "0.3.2",
      "resolved": "https://registry.npmjs.org/for-each/-/for-each-0.3.2.tgz",
      "integrity": "sha1-LEBFC5NI6X8oEyJZO6lnBLmr1NQ=",
      "requires": {
        "is-function": "1.0.1"
      }
    },
    "global": {
      "version": "4.3.2",
      "resolved": "https://registry.npmjs.org/global/-/global-4.3.2.tgz",
      "integrity": "sha1-52mJJopsdMOJCLEwWxD8DjlOnQ8=",
      "requires": {
        "min-document": "2.19.0",
        "process": "0.5.2"
      }
    },
    "individual": {
      "version": "2.0.0",
      "resolved": "https://registry.npmjs.org/individual/-/individual-2.0.0.tgz",
      "integrity": "sha1-gzsJfa0jKU52EXqY+zjg2a1hu5c="
    },
    "is-function": {
      "version": "1.0.1",
      "resolved": "https://registry.npmjs.org/is-function/-/is-function-1.0.1.tgz",
      "integrity": "sha1-Es+5i2W1fdPRk6MSH19uL0N2ArU="
    },
    "min-document": {
      "version": "2.19.0",
      "resolved": "https://registry.npmjs.org/min-document/-/min-document-2.19.0.tgz",
      "integrity": "sha1-e9KC4/WELtKVu3SM3Z8f+iyCRoU=",
      "requires": {
        "dom-walk": "0.1.1"
      }
    },
    "parse-headers": {
      "version": "2.0.1",
      "resolved": "https://registry.npmjs.org/parse-headers/-/parse-headers-2.0.1.tgz",
      "integrity": "sha1-aug6eqJanZtwCswoaYzR8e1+lTY=",
      "requires": {
        "for-each": "0.3.2",
        "trim": "0.0.1"
      }
    },
    "process": {
      "version": "0.5.2",
      "resolved": "https://registry.npmjs.org/process/-/process-0.5.2.tgz",
      "integrity": "sha1-FjjYqONML0QKkduVq5rrZ3/Bhc8="
    },
    "recordrtc": {
      "version": "5.4.6",
      "resolved": "https://registry.npmjs.org/recordrtc/-/recordrtc-5.4.6.tgz",
      "integrity": "sha1-vhxXBVBwg2OyP7pTAyaFS+BoMhA="
    },
    "regenerator-runtime": {
      "version": "0.11.1",
      "resolved": "https://registry.npmjs.org/regenerator-runtime/-/regenerator-runtime-0.11.1.tgz",
      "integrity": "sha512-MguG95oij0fC3QV3URf4V2SDYGJhJnJGqvIIgdECeODCT98wSWDAJ94SSuVpYQUoTcGUIL6L4yNB7j1DFFHSBg=="
    },
    "rtcpeerconnection-shim": {
      "version": "1.2.5",
      "resolved": "https://registry.npmjs.org/rtcpeerconnection-shim/-/rtcpeerconnection-shim-1.2.5.tgz",
      "integrity": "sha512-2oLVHZZMk/TsU9JqgrQYwdkOsDOeIalM3STqWjI1LtXrSrInHdig6CysSoTmEublMxnuy/F2i5NXE6tiIh9tZQ==",
      "requires": {
        "sdp": "2.5.0"
      }
    },
    "rust-result": {
      "version": "1.0.0",
      "resolved": "https://registry.npmjs.org/rust-result/-/rust-result-1.0.0.tgz",
      "integrity": "sha1-NMdbLm3Dn+WHXlveyFteD5FTb3I=",
      "requires": {
        "individual": "2.0.0"
      }
    },
    "safe-json-parse": {
      "version": "4.0.0",
      "resolved": "https://registry.npmjs.org/safe-json-parse/-/safe-json-parse-4.0.0.tgz",
      "integrity": "sha1-fA9XjPzNEtM6ccDgVBPi7KFx6qw=",
      "requires": {
        "rust-result": "1.0.0"
      }
    },
    "sdp": {
      "version": "2.5.0",
      "resolved": "https://registry.npmjs.org/sdp/-/sdp-2.5.0.tgz",
      "integrity": "sha512-4HT7gdxA+AZHl5LDdiLpagFKBS5qAKFYE71CPSNrr+2dCFg9iKXY4JSIhHKZHVnwJAzZ/4jA+z1nam4U+LoYug=="
    },
    "trim": {
      "version": "0.0.1",
      "resolved": "https://registry.npmjs.org/trim/-/trim-0.0.1.tgz",
      "integrity": "sha1-WFhUf2spB1fulczMZm+1AITEYN0="
    },
    "tsml": {
      "version": "1.0.1",
      "resolved": "https://registry.npmjs.org/tsml/-/tsml-1.0.1.tgz",
      "integrity": "sha1-ifghi52eJX9H1/a1bQHFpNLGj8M="
    },
    "video.js": {
      "version": "6.6.0",
      "resolved": "https://registry.npmjs.org/video.js/-/video.js-6.6.0.tgz",
      "integrity": "sha512-jtMn0PqQSGGes5Lcb5Ste0fG4HrcOIr51LYX57wrQbbrUhj/56U8c9LGhVeGAgpi1XBebw/R16xyENxh5yPllw==",
      "requires": {
        "babel-runtime": "6.26.0",
        "global": "4.3.2",
        "safe-json-parse": "4.0.0",
        "tsml": "1.0.1",
        "videojs-font": "2.1.0",
        "videojs-ie8": "1.1.2",
        "videojs-vtt.js": "0.12.4",
        "xhr": "2.4.0"
      }
    },
    "videojs-font": {
      "version": "2.1.0",
      "resolved": "https://registry.npmjs.org/videojs-font/-/videojs-font-2.1.0.tgz",
      "integrity": "sha1-olkwpn9snPvyu4jay4xrRR8JM3k="
    },
    "videojs-ie8": {
      "version": "1.1.2",
      "resolved": "https://registry.npmjs.org/videojs-ie8/-/videojs-ie8-1.1.2.tgz",
      "integrity": "sha1-oj09hgitcZK2nGB3/E64SJmNNdk=",
      "requires": {
        "es5-shim": "4.5.10"
      }
    },
    "videojs-record": {
      "version": "2.0.5",
      "resolved": "https://registry.npmjs.org/videojs-record/-/videojs-record-2.0.5.tgz",
      "integrity": "sha512-mzcfFF185mppa9UbKeKTIXsU8cmLCzm5L/k12Uzy2xD3/i8M3IVDgSHST+H9ojUy3t1Wdqsf+z6TU+h8cCVZWQ==",
      "requires": {
        "recordrtc": "5.4.6",
        "video.js": "6.6.0",
        "videojs-wavesurfer": "2.1.3",
        "webrtc-adapter": "6.0.4"
      }
    },
    "videojs-vtt.js": {
      "version": "0.12.4",
      "resolved": "https://registry.npmjs.org/videojs-vtt.js/-/videojs-vtt.js-0.12.4.tgz",
      "integrity": "sha1-OPJJnjHvs/qTWQ3a1MtmMnWksWE=",
      "requires": {
        "global": "4.3.2"
      }
    },
    "videojs-wavesurfer": {
      "version": "2.1.3",
      "resolved": "https://registry.npmjs.org/videojs-wavesurfer/-/videojs-wavesurfer-2.1.3.tgz",
      "integrity": "sha512-mXQLlBnchjGmcHsO7BZQZKu2SGfBwk1qWrXmSgxx7IsdtNCP0qu3BRvH693mGLaye8HGP1nbJqyQUhJjuo5nNw==",
      "requires": {
        "video.js": "6.6.0",
        "wavesurfer.js": "2.0.2"
      }
    },
    "wavesurfer.js": {
      "version": "2.0.2",
      "resolved": "https://registry.npmjs.org/wavesurfer.js/-/wavesurfer.js-2.0.2.tgz",
      "integrity": "sha512-v+bC8vNXrMUSua2nDNOFTvwbFG0Qoz8ERLrOuQAzap1e4Gxyh+88vBGOeF71M4NYh1VaBKULdaoqtUQtjOovPQ=="
    },
    "webrtc-adapter": {
      "version": "6.0.4",
      "resolved": "https://registry.npmjs.org/webrtc-adapter/-/webrtc-adapter-6.0.4.tgz",
      "integrity": "sha512-T0WBRAsIi9gxgcwZgUCCZQHmMZI+P7CSl7YEdy1ILECQikd0zYmmtURd5MUCY0T0GEQ+5HVb/QrkH1SE1/MAbQ==",
      "requires": {
        "rtcpeerconnection-shim": "1.2.5",
        "sdp": "2.5.0"
      }
    },
    "xhr": {
      "version": "2.4.0",
      "resolved": "https://registry.npmjs.org/xhr/-/xhr-2.4.0.tgz",
      "integrity": "sha1-4W5mpF+GmGHu76tBbV7/ci3ECZM=",
      "requires": {
        "global": "4.3.2",
        "is-function": "1.0.1",
        "parse-headers": "2.0.1",
        "xtend": "4.0.1"
      }
    },
    "xtend": {
      "version": "4.0.1",
      "resolved": "https://registry.npmjs.org/xtend/-/xtend-4.0.1.tgz",
      "integrity": "sha1-pcbVMr5lbiPbgg77lDofBJmNY68="
    }
  }
}
